
Microsoft Visual Studio Solution File, Format Version 12.00
# Visual Studio Version 17
VisualStudioVersion = 17.11.35303.130
MinimumVisualStudioVersion = 10.0.40219.1
Project("{8BC9CEB8-8B4A-11D0-8D11-00A0C91BC942}") = "WinKodiG20", "WinKodiG20.vcxproj", "{F799649F-1625-46FB-8738-CFE3D7865C82}"
EndProject
Global
	GlobalSection(SolutionConfigurationPlatforms) = preSolution
		Debug|x64 = Debug|x64
		Debug|x86 = Debug|x86
		Release|x64 = Release|x64
		Release|x86 = Release|x86
	EndGlobalSection
	GlobalSection(ProjectConfigurationPlatforms) = postSolution
		{F799649F-1625-46FB-8738-CFE3D7865C82}.Debug|x64.ActiveCfg = Debug|x64
		{F799649F-1625-46FB-8738-CFE3D7865C82}.Debug|x64.Build.0 = Debug|x64
		{F799649F-1625-46FB-8738-CFE3D7865C82}.Debug|x86.ActiveCfg = Debug|Win32
		{F799649F-1625-46FB-8738-CFE3D7865C82}.Debug|x86.Build.0 = Debug|Win32
		{F799649F-1625-46FB-8738-CFE3D7865C82}.Release|x64.ActiveCfg = Release|x64
		{F799649F-1625-46FB-8738-CFE3D7865C82}.Release|x64.Build.0 = Release|x64
		{F799649F-1625-46FB-8738-CFE3D7865C82}.Release|x86.ActiveCfg = Release|Win32
		{F799649F-1625-46FB-8738-CFE3D7865C82}.Release|x86.Build.0 = Release|Win32
	EndGlobalSection
	GlobalSection(SolutionProperties) = preSolution
		HideSolutionNode = FALSE
	EndGlobalSection
	GlobalSection(ExtensibilityGlobals) = postSolution
		SolutionGuid = {D971A9CF-5E05-416C-B954-53E11987390A}
	EndGlobalSection
EndGlobal
